{
  "version": 4,
  "terraform_version": "1.15.6",
  "serial": 57,
  "lineage": "8409f45a-d024-b34a-48f0-8638142b47bb",
  "outputs": {
    "db_ip": {
      "value": "192.168.252.18",
      "type": "string"
    }
  },
  "resources": [
    {
      "mode": "managed",
      "type": "multipass_instance",
      "name": "node",
      "provider": "provider[\"registry.terraform.io/todoroff/multipass\"]",
      "instances": [
        {
          "index_key": "caerus-db",
          "schema_version": 0,
          "attributes": {
            "auto_recover": null,
            "auto_start_on_recover": null,
            "cloud_init": "#cloud-config\n# Multipass default user is \"ubuntu\"; this key lets Ansible SSH in.\nssh_authorized_keys:\n  - ssh-ed25519 AAAAC3NzaC1lZDI1NTE5AAAAIOtAhNFYWB050xad95ne0RoHwh9P2cK9PKA17Ckb163c kevin@Kevins-MacBook-Air-472.local\n",
            "cloud_init_file": null,
            "cpus": 2,
            "disk": "8G",
            "id": "caerus-db",
            "image": "22.04",
            "image_release": "22.04 LTS",
            "ipv4": [
              "192.168.252.18"
            ],
            "last_updated": "2026-06-24T15:46:28Z",
            "memory": "1G",
            "mounts": [],
            "name": "caerus-db",
            "networks": [],
            "primary": null,
            "release": "Ubuntu 22.04.5 LTS",
            "snapshot_count": 0,
            "state": "Running",
            "timeouts": null,
            "wait_for_cloud_init": null
          },
          "sensitive_attributes": [
            [
              {
                "type": "get_attr",
                "value": "cloud_init"
              }
            ]
          ],
          "identity_schema_version": 0
        }
      ]
    }
  ],
  "check_results": null
}
